version = 1
revision = 3
requires-python = ">=3.12"

[manifest]
members = [
    "svgmapviewer-tools-floors",
]

[[package]]
name = "lxml-stubs"
version = "0.5.1"
source = { registry = "https://pypi.org/simple" }
sdist = { url = "https://files.pythonhosted.org/packages/99/da/1a3a3e5d159b249fc2970d73437496b908de8e4716a089c69591b4ffa6fd/lxml-stubs-0.5.1.tar.gz", hash = "sha256:e0ec2aa1ce92d91278b719091ce4515c12adc1d564359dfaf81efa7d4feab79d", size = 14778, upload-time = "2024-01-10T09:37:46.521Z" }
wheels = [
    { url = "https://files.pythonhosted.org/packages/1f/c9/e0f8e4e6e8a69e5959b06499582dca6349db6769cc7fdfb8a02a7c75a9ae/lxml_stubs-0.5.1-py3-none-any.whl", hash = "sha256:1f689e5dbc4b9247cb09ae820c7d34daeb1fdbd1db06123814b856dae7787272", size = 13584, upload-time = "2024-01-10T09:37:44.931Z" },
]

[[package]]
name = "svgmapviewer-tools-floors"
version = "0.1.0"
source = { virtual = "packages/tools-floors" }
dependencies = [
    { name = "lxml-stubs" },
]

[package.metadata]
requires-dist = [{ name = "lxml-stubs", specifier = ">=0.5.1" }]
